# This file was autogenerated by uv via the following command:
#    scripts/deps/lock.sh
annotated-types==0.7.0 \
    --hash=sha256:1f02e8b43a8fbbc3f3e0d4f0f4bfc8131bcb4eebe8849b8e5c773f3a1c582a53 \
    --hash=sha256:aff07c09a53a08bc8cfccb9c85b05f1aa9a2a6f23728d790723543408344ce89
    # via pydantic
anyio==4.14.1 \
    --hash=sha256:4e5533c5b8ff0a24f5d7a176cbe6877129cd183893f66b537f8f227d10527d72 \
    --hash=sha256:8d648a3544c1a700e3ff78615cd679e4c5c3f149904287e73687b2596963629e
    # via httpx
certifi==2026.6.17 \
    --hash=sha256:024c88eeec92ca068db80f02b8b07c9cef7b9fe261d1d535abfd5abd6f6af432 \
    --hash=sha256:2227dcbaafe0d2f59279d1762ddddc37783ed4354594f194ffc31d20f41fc3db
    # via
    #   httpcore
    #   httpx
grpcio==1.81.1 \
    --hash=sha256:0490c30c261eded63f3f354979f9dc4502a9fb944cccb60cd9dc85f5a7349854 \
    --hash=sha256:0a37165cc80b1a368384b383e63a4c38116a10467ae44c904d2d7468c4470ec2 \
    --hash=sha256:12b7524c88d4026d3dcb7b0ebe16b6714f3b4af402ddd0f0639ab064a00c87c3 \
    --hash=sha256:15641444eca4a29358107b3dceb74c1c6305c55c822fd199b458aaea4068a7fb \
    --hash=sha256:1b22c80559854b789a01fd89e8929b3798a156c0829b5282a8939f33ad4115ad \
    --hash=sha256:1e123f9b37edb8375fd74130d1f69c944bbf0a7b06761ae7211154b8759e94d2 \
    --hash=sha256:24c8e57504c8f45b237e40b99262d181071e5099a07053695b75d97bb53053a0 \
    --hash=sha256:2c2e2ae6867c2966b8daccc836d54a13218e0007e9a490aeb81dd05be64d22d7 \
    --hash=sha256:30e825f6848d9f18bba350ed6c75c1b02a0b5184474a31db9a32b1fa66fd8c79 \
    --hash=sha256:3768a5ff1b2125e6f552e561b6b2dca0e64982d8949689b4df145cf8b98d7821 \
    --hash=sha256:3ad74f8bb1a18963914c5452d289422830b39459e8776ebbcd207be1fbfb1d94 \
    --hash=sha256:410482da976329fe5f4067270401b12cf2bd552ff8020f054ecfaddb5475f9d6 \
    --hash=sha256:428bec0161b48d8cf583c068591bc0016d0d9cfff52462b72b3884861ea768c5 \
    --hash=sha256:506f48f2f9c29b143fca3dad7b0d518c188b6c9648c75a2ae6e2d9f2c13a060b \
    --hash=sha256:58ad1131c300d3c9b933802b3cc4dc69d380822935ba50b28703156ea826fbf7 \
    --hash=sha256:592b5fee597faa91cce2dd294dd7d9a1c83d76c4dbf877e33ec1adb866b2fbed \
    --hash=sha256:61233fe8951e5c85dff81c2458b6528624760166946b5b47ea150a589168411f \
    --hash=sha256:62481553b1793a27e9b9c3cf9e5bd483ef045ca72462592074b46d42b0c4d9b9 \
    --hash=sha256:6282caffb41ec326d4cb67ca9cf53b739d1b2f975a2acb498c7418e9f7d9a416 \
    --hash=sha256:69ef28e54fc85397f91b8c19592b8ef3d81952080366914823bd8572a2958120 \
    --hash=sha256:6f9a0c9c1cc15c112d1c053064fd032b64917062292c3d70aea280e02ae10b77 \
    --hash=sha256:6fa10a767143a5e82e8eaab53918af0cd8909a57a27f8cb2288b80a613ac671b \
    --hash=sha256:766bc7c9a9c340342f4c864ccbda8e78111e4751f13b895812b9c148fb79e9d0 \
    --hash=sha256:78e29211f26da2fdd0e9c6d2b79f489476140cf7029b6a64808ade7ca4156a42 \
    --hash=sha256:819edbdcb42ab8598b494bcf0222684bbb7a3c772bd1b1f0be7e029a6063c28e \
    --hash=sha256:85b10a45b8993d195c4f3ff57025b8d1e11834909ee475c403bfa60cb4caefaf \
    --hash=sha256:88268ca418cacea64cecb0d1d600d3c6b3a8038fcba02e1e205178c5b1f47661 \
    --hash=sha256:8b39472beafc0bdcafc4c8c73ad082ebfdb449d566897a61e7acb4fa88089115 \
    --hash=sha256:8ea1936c26b99999b27479853039a7f34713f56c49375ad52b38535ec93a796c \
    --hash=sha256:98a07f9bf591e3a8919797bee1c53f026ba4acd587e5a4404c8e57c9ec36b2a5 \
    --hash=sha256:a185a04039df6cae8648bc8ab6d6fde7bf94f7188ecf7828e76ac52eef1e41d6 \
    --hash=sha256:a35009284d0d3d5c2c9601c164a911b8b4331608d98a9a66d47d97bb2f522b70 \
    --hash=sha256:a3acb384427816dd5d470f47e62137b87f74da694faa8a50147012cf40df276a \
    --hash=sha256:aa2ba7d2ad6df4d80127cea65e5b8d5e2c3adbf153ff4804452836328aca7c54 \
    --hash=sha256:b10e1ff4756ed27d5a29d7fc79cfce7ef1ff56ad20025b89bac7cf79e09abbbe \
    --hash=sha256:b137f4bf3ada9dc44d411478decc6ff09a79ed30b306cd2abaa98408c3588137 \
    --hash=sha256:b259a04a737cb3496be0901328eb8b7552ed8df4865d8c8f1cf1bffcfc0776a3 \
    --hash=sha256:b427c19380991a4eaab2f6144b64b99b412043314c6bf4ab544f97bb31ee4190 \
    --hash=sha256:bb693b1e3d9a2f3fd228e2110daf4b5aeedb36761ca1e4282f74725f6d89f611 \
    --hash=sha256:c261d74b1a945cf895a9d6eccd1685a8e837531beaab782da4d630a8d12deffb \
    --hash=sha256:c5bf2dc311127d91230cc79b92188c082634a06cf66c5234db49a43b910183b0 \
    --hash=sha256:ca1cc11d82677b9662082e5478b7528e2b7db7beaa6bdff42bd62789d81be399 \
    --hash=sha256:d4b2dddfc219f54f956ccd53cf76a1d338ffe68fc7f2849ec9c7feb9927ff692 \
    --hash=sha256:d71d30f2d92f67d944631c523713934fee37292469e182ebcd2c1dd8a64ce53f \
    --hash=sha256:d865db4a6318e1c1bea83292e0ed231090538fc4ca45425b0f0480eb338bbc6e \
    --hash=sha256:e2aa72e3ce1770317ef534f63d397b55e130725f5149bd36077c3b539019db27 \
    --hash=sha256:e3657301562ac3cb8018d30d0d3ebfa39932239f7b5703422057ef14b69949f5 \
    --hash=sha256:e64dd101d380a115cc5a0c7856788adb535f1a4e21fc543775602f8be95180ae \
    --hash=sha256:e8ca6a1fcdb2943c9cbc1804a1baf3acb6071d72a471591678ded84218006e14 \
    --hash=sha256:edb59506291b647a30884b1d51a599d605f40b20af4a7dc3d33786a47a31de60 \
    --hash=sha256:f9a0ebbe45c29b5e5866593c12b78bd9035f0f0f0d4bc8361680cd580d99db49
    # via qdrant-client
h11==0.16.0 \
    --hash=sha256:4e35b956cf45792e4caa5885e69fba00bdbc6ffafbfa020300e549b208ee5ff1 \
    --hash=sha256:63cf8bbe7522de3bf65932fda1d9c2772064ffb3dae62d55932da54b31cb6c86
    # via httpcore
h2==4.3.0 \
    --hash=sha256:6c59efe4323fa18b47a632221a1888bd7fde6249819beda254aeca909f221bf1 \
    --hash=sha256:c438f029a25f7945c69e0ccf0fb951dc3f73a5f6412981daee861431b70e2bdd
    # via httpx
hpack==4.2.0 \
    --hash=sha256:0895cfa3b5531fc65fe439c05eb65144f123bf7a394fcaa56aa423548d8e45c0 \
    --hash=sha256:858ac0b02280fa582b5080d68db0899c62a80375e0e5413a74970c5e518b6986
    # via h2
httpcore==1.0.9 \
    --hash=sha256:2d400746a40668fc9dec9810239072b40b4484b640a8c38fd654a024c7a1bf55 \
    --hash=sha256:6e34463af53fd2ab5d807f399a9b45ea31c3dfa2276f15a2c3f00afff6e176e8
    # via httpx
httpx==0.28.1 \
    --hash=sha256:75e98c5f16b0f35b567856f597f06ff2270a374470a5c2392242528e3e3e42fc \
    --hash=sha256:d909fcccc110f8c7faf814ca82a9a4d816bc5a6dbfea25d6591d6985b8ba59ad
    # via
    #   -r services/qdrant-seed/requirements.txt
    #   qdrant-client
hyperframe==6.1.0 \
    --hash=sha256:b03380493a519fce58ea5af42e4a42317bf9bd425596f7a0835ffce80f1a42e5 \
    --hash=sha256:f630908a00854a7adeabd6382b43923a4c4cd4b821fcb527e6ab9e15382a3b08
    # via h2
idna==3.18 \
    --hash=sha256:7f952cbe720b688055e3f87de14f5c3e5fdaa8bc3928985c4077ca689de849a2 \
    --hash=sha256:ffb385a7e039654cef1ab9ef32c6fafe283c0c0467bba1d9029738ce4a14a848
    # via
    #   anyio
    #   httpx
numpy==2.4.6 ; python_full_version < '3.12' \
    --hash=sha256:001fbb8e08d942dd57599e781f2472269ee7f2755fae407b4f67b2f0b17da3f1 \
    --hash=sha256:0280e0356c0829a18d9de1cb7eee50ec22ca639878d7240307ca0943d73cd2c4 \
    --hash=sha256:043191bfa8eab18c776647b62723ac9dddece59743b13f49b2016094129c2b3f \
    --hash=sha256:06ca2f61ec4385a07a6977c55ba998a4466c123642b4a32694d3128fce18c079 \
    --hash=sha256:0a041d3d761dc3c35cc56ce0351506a02bcbc25f7b169f652435141a17db9096 \
    --hash=sha256:0ab0a9c4ffb1a6d95ef519fe4247dba8eb6b18ad93999f76b7f657039acabd47 \
    --hash=sha256:0c9136e14ed34a9e343a31c533d78a9813a69a3148332bce5e9821cb2f996e66 \
    --hash=sha256:110f8b71aacb688ec69062bb7f6938a0f8acb01b7c1c4beb453c65b6d234584d \
    --hash=sha256:112b06a867b235ef466ed3508ddf0238050df9c727cafb5301ac385b899189a1 \
    --hash=sha256:17f9ade344e7d9b464a084d69bcf18fc691cb1db67c62ed80820bf4926d78f0e \
    --hash=sha256:1e254a00cdf42b1e4d5b3d68d33af63268d41340d8885df2ab6470f2e1500147 \
    --hash=sha256:1e978ec1e8bd0e0e4de6bb75de9d30cbb74db6b6a2bb727618613703ca0167dd \
    --hash=sha256:25c692919ac5a01f170a3bfcd62d745b24fd095c353d50812637d6fcab442e75 \
    --hash=sha256:260a5d70215b61ab4fadf5c7baacd64821842975eea312125ed3c39a6391b063 \
    --hash=sha256:2803abfebfc990042cd494d8ce2d5f82e9d847af6d35ec486923aa19dbad5e73 \
    --hash=sha256:29a287e0cf63ff528da061de6b9f64a4618da591ca1046aafc54062e40ca7eab \
    --hash=sha256:29cb7f67d10b479ff07c17d33e39f78c07f71c40ef30d63c153d340e96cd3fb4 \
    --hash=sha256:3213d622a0283a39a93d188f3cf72b26862df52fbb4ca3697f51705016523d41 \
    --hash=sha256:33111801a01c12a8a1e3721f0a9232f8cfc8ae2c6b7098167e6f623c6073f402 \
    --hash=sha256:357cc07a6d7b0b182ff02249616a03742827ebb1277546b5c7cd7f7620a45698 \
    --hash=sha256:38efbc8de75c7a0fc1ac190162d892787f3f47b57cc291231aafee36b80982b7 \
    --hash=sha256:4081eb135ac24158bd51cdfbef16f1c64df7063b1143f24731387137c092bec8 \
    --hash=sha256:40fdc1ae7125e518ea98e53e69a4ebc27e1fd50510c47b7ea130cf21e5e1d42b \
    --hash=sha256:4cfe66903cc32a9921a6733d96b19bb6abf310397581bbad89c228f5abaf0ee8 \
    --hash=sha256:511dbaf848decaaaf4b4ca48032619fb3138710c4bf7da7617765edad1ef96b0 \
    --hash=sha256:55cced7c52e981362f708ad635198e97a752dfba412cc03c23bbf3bd8d5cd662 \
    --hash=sha256:56b39e5e0622a09a25bf5baf62f4bcf0cb8a41ae6e2819cf49bbc5a74c083f91 \
    --hash=sha256:5dbbdb29840ca3d91ee0fece42fc29278886d908280bfec0a5846c6f901a3eb0 \
    --hash=sha256:5f9fb9157b4ce2971008323afe46053787b526ef624fea915b261468a8421a0f \
    --hash=sha256:6180d8b35af935aed8ece3a85e0a43f87393ae0ac87c8d2c8bd2c993f7270ef3 \
    --hash=sha256:68a5124b13fa6cc2086764a20005d30bc0548146f7f5322f02fce212ca14317f \
    --hash=sha256:68bb27509ac1b9a3443094260f6326150663b06abe40b73a2f81160623da5b67 \
    --hash=sha256:6f41ae150c4e32db4f3310cdaf64b1593a03dbabe29eec77fc9b50fe64061df6 \
    --hash=sha256:7265a2f3d436e54ef9f2b52b5c937e6be778781bd97a590319d7348f1c1ca997 \
    --hash=sha256:72fbe16c6fac95aedf5937fa873445cec2110be35d8a4e9433d7501fd98dae6b \
    --hash=sha256:7d92c3819208a60205a12a245c91ad70cb0a85336659b19b834205573ac8456e \
    --hash=sha256:8155154c7c691289fe18f510b5d4657c68c67989f293f0535a91360392ff6538 \
    --hash=sha256:81a1cca95ed5bb92aa8b10dd2cdc9a0d3853a50fad926c28b5d7e8ea54389627 \
    --hash=sha256:89cd468399cfd2504718f0ba50e410dca55a170b61a02ad92bb18c8a65186e93 \
    --hash=sha256:8ad03c0965fb3c692200e74d458ca28c1dbb4ce96f9a479a8aa041ad5fabca02 \
    --hash=sha256:90f9849678c75fe7afa2d348ac842c168b0a4d3d61919687216dfc547976d853 \
    --hash=sha256:948424b06129ce883307e8cff868c31396d8dc7630a59c61d70d98dbe70f222c \
    --hash=sha256:9cd5ffd25db4e7ba6a375693b3fc0fc1791ec636c17db3720da19bde7180ec43 \
    --hash=sha256:a0df0043bdb289bde1f62da130d20df23d58b45429f752bc7a8fc5325a225ecd \
    --hash=sha256:a2c306dea656c12c68f51f4cea133cbe78ca7435eb28c735eac1d3ebe73be6e8 \
    --hash=sha256:a7830bab239b79cda9c08c2da014761cafb48da6150e1da17ac06283f43b6089 \
    --hash=sha256:a7c711e21628b52034bb5ab8d1bce291f752fcc5e92accc615778acee1ff4778 \
    --hash=sha256:aaf159caa35993cb1f56fb9b8e4610d35758e7ca005412eb1daa856a78c9c4b1 \
    --hash=sha256:ae506e6902902557576a26ff33eda8695e7ecb3cb36c3b573a0765dee114ebdb \
    --hash=sha256:b507f5c4c1d508876d1819b6bf9a49d365b96320b5d4993426b33a23ca4b8261 \
    --hash=sha256:bf162abab1c1a736333192707cef898e735a5ca00f38f27eeedf44b39d9e85eb \
    --hash=sha256:c1a2af6c6ef86344a6b0db6b97834208bf598db514f2b155042439b62605601a \
    --hash=sha256:c2d37ab77531417474168eb79d6d80b14f821a966818505d03013d0833edb7a8 \
    --hash=sha256:c4fc99836233ea196540b17ab0983aff60ed07941751930f5f4d05bc3b3b7359 \
    --hash=sha256:d581b735e177fdcdce6fed8e7e8880a3fb6ee4e3653a3ac6af01c6f4c03effc5 \
    --hash=sha256:d6da64deb6b8ed903e7560180a92f2d804ee1ba5eeb849ac2748b8c1aba1f6d7 \
    --hash=sha256:d8e8286dd7cea7895157318d1b91cdacac64c479f3cbc8dce548331728484751 \
    --hash=sha256:ddea102b48f9e339f3948bf22040944184627a30fdf7f858667673b9c5f033c8 \
    --hash=sha256:dfa20cc6ca228e6b155b11da03825975ce66aea520985dbbddf0f2a5a495c605 \
    --hash=sha256:e3e5193ef5a3dc73bceee50f7fdc2c90dbb76c42df8d8fae3d1067a583df579e \
    --hash=sha256:e3eeb0aabd6bd5ce64faae67e9935203a6991b4bc2a485a767fbafb2c5125f45 \
    --hash=sha256:e5805d5a22fd19c8ccff10a9561f9df94436b0545619ea579db2d3c35294bce2 \
    --hash=sha256:e85b752a1e912b70eaad4fafbd4d1238007ab221de2009b9a2f5ae7461239895 \
    --hash=sha256:eaf7fa2de5c0be8ae6ff8e9bea2ccd725e980541244521d8d4b5f3354a27babe \
    --hash=sha256:ebfb099f8dcf083deef3ac1ca4c1503f387cf76296fcb3816b66f5ecb5f54fdb \
    --hash=sha256:ece3d2cfe132e7d51f44a832b303895e6f2d499c5e74dfbdb06ee246147a304a \
    --hash=sha256:ed9749eef4cbd126da3dc1d6bcb3a57f5eb7ac6a6484146bdbf743f552dfc577 \
    --hash=sha256:ede83e07a75dd06bc501566c1eca2afc0d61677c1472ac9ad93fdee6e638a48d \
    --hash=sha256:ef4aea96ce4d3b074422cb4f2f64e216bf9e213004bb58ecfdf50ea02ea8eb9a \
    --hash=sha256:f3a3570c4a2a16746ac2c31a7c7c7b0c186b95ce902e33db6f28094ed7387dda \
    --hash=sha256:f407cb6b8e9d6d8c626bc73c945db1706035af8fd632295547bf1c9e46d092d6 \
    --hash=sha256:f74a575920ab21fe304421a3fc28793d82e299cae9eccb37084e9fc7f3617c20
    # via qdrant-client
numpy==2.5.0 ; python_full_version >= '3.12' \
    --hash=sha256:016623417bb330d719d579daf2d6b9a01ddc52e41a9ed61a47f39fde46dcd865 \
    --hash=sha256:0b525be4744b60bb0557ac872d53ef07d085b5f39622bc579c98d3809d05b988 \
    --hash=sha256:126b88d95e8ff9b00c9e717aa540469f21d6180162f84c0caec51b16215d49cd \
    --hash=sha256:146b81cdd3967fdb6beca8ba25f00c58741d8f3cbd797f55af0fbe0bfec3469c \
    --hash=sha256:1a7569a7b53c77716f036bb28cb1c91f166a26ec7d9502cd1e4bdfe502fdec22 \
    --hash=sha256:1c0121101093d2bd74981b10f8837d78e794a8ff57834eb27179f49e1ba11ac6 \
    --hash=sha256:22f3d43e362d650bc39db1f17851302874a148ca95ba6981c1dfb5fa6862f35b \
    --hash=sha256:243563efb4cd7528a264567e9fd206c87826457322521d06206a00bfa316c927 \
    --hash=sha256:28e7137057d551e4a83c4ae414e3451f50568409db7569aacc7f9811ee06a446 \
    --hash=sha256:3893adc2dc7c0412ba76777db55a049215d99c9aa3113003be8f49f4f1290ab9 \
    --hash=sha256:39a0433bd4086ebd462960cf375e19195bb07b53dc1d87dd5fcf47ad78576f03 \
    --hash=sha256:3b94d0d0deceebfad3e67ae5c0e5eb87371e8f7a0581cd04a779928c2450cf1e \
    --hash=sha256:44353e2878930039db472b99dc353d749826e4010bd4d2a7f835e94a97a5c748 \
    --hash=sha256:489780423903667933b4ed6197b6ec3b75ea5dd17d1d8f0f38d798feb6921561 \
    --hash=sha256:48f54b00711f83a5f796b70c518e8c2b3c5848dda03a54911f23eb68519b9b60 \
    --hash=sha256:520e6b8be0a4b65840ac8090d4f51cef4bed66e2b0894d5a520f099adc24a9b2 \
    --hash=sha256:5a129578019311b6e56bdd714250f19b518f7dceeeb8d1af5490f4942d3f891c \
    --hash=sha256:5dc71423499fab3f46f7a7201155ade1669ea101f2f429d332df9e72f8161731 \
    --hash=sha256:6206db0af545d73d068add6d992279145f158428d1da6cc49adc4b630c5d6ee5 \
    --hash=sha256:694d8f74e156f7fd01179f1aa8faa2f648ab6ae0f70b6c3fe57a03249aea2303 \
    --hash=sha256:6f2d6873e2940c860a309d21e25b1e69af6aaffdd80aa056b04c16380db1c4f2 \
    --hash=sha256:6f9836778081a0a3c02a6a21493f3e9f5b311f8d2541934f31f05583dc999ea4 \
    --hash=sha256:7174ce8265fc7f7417d171c9ea8fe905220748893ea67a2a7abe726ec331c4b0 \
    --hash=sha256:750fb097caf26fa878746d9d119f6f9da12dedcbff1eea966c3e3447647c4a9e \
    --hash=sha256:835e454dd99b238cdc5a3f63bce2371296f5ebc53ca1e0f8e6ddbb6d92a29aab \
    --hash=sha256:84881d825ca75249b189bbee875fcfe3238aa5c479e6100893cda566e8e86826 \
    --hash=sha256:929f0c79ac38bcbd7154fe631dc907abfeddbcc5027a896bd1f7767323271e7a \
    --hash=sha256:9990713e9c38154c6861e7547f1e3fc7a87e75ff09bab24ef1cc81d81c2835e9 \
    --hash=sha256:a1a4874217b36d5ac8fc876f52e39df56f8182c88463e9e2dceabf7ca8b7efb8 \
    --hash=sha256:a55e1eb2bca2cfd17a16b213c99dfc8502d47b0d494224d2122277d0400935ca \
    --hash=sha256:aaa760137137e8d3c920d27927748215b56014f92667dc9b6c27dfc61249255a \
    --hash=sha256:b8c3daaf99de52415d20b42f8e8155c78642cb04207d02f9d317a0dcf1b3fb54 \
    --hash=sha256:bf80333980bf37f523341ddd72c783f39d6829ec7736b9eb99086388a2d52cc2 \
    --hash=sha256:c83b664b0e6eee9594fa920cf0639d8af796606d3fad6cc70180c87e4b97c7be \
    --hash=sha256:cc4f247a47bbf070bfd70be53ccdcf47b800af563535e7bbe172322197c30e21 \
    --hash=sha256:cda12aa4779d42b8771180aba759c96f527d43446d8f380ab59e2b35e8489efd \
    --hash=sha256:d371c92cfa09da00022f501ab67fafaea813d752eb30ac44336d45b1e5b0268a \
    --hash=sha256:d4313cef1594c5ce46c31b6e54e918338f63f16ee9322304e8c9114d6d81c8bd \
    --hash=sha256:e1da54b53e75cd9fcfc23efcc7edab2c6aecf97b6037566d8a0fe804af8ec57c \
    --hash=sha256:ebb81d9d5443e0309d6c54894c3fbed74ad7da0714352a67b6d773cd189eae73 \
    --hash=sha256:ece55976ced6bca95a03ae2839e2e5ccffe8eb6a3e7022415645eb154a81e4e6 \
    --hash=sha256:edadfbd4794b1086c0d822f81863e8a68fc129d132fd0bb9e31e955d7fbbbdb7 \
    --hash=sha256:f27582c55ba4c750b7c58c8faf021d2cd9324a662b466229db8a417b41368af9 \
    --hash=sha256:f7e5fa4382967ae6548bd2f174219afb908e294b0d5f625af01166edd5f7d9aa
    # via qdrant-client
portalocker==3.2.0 \
    --hash=sha256:1f3002956a54a8c3730586c5c77bf18fae4149e07eaf1c29fc3faf4d5a3f89ac \
    --hash=sha256:3cdc5f565312224bc570c49337bd21428bba0ef363bbcf58b9ef4a9f11779968
    # via qdrant-client
protobuf==7.35.1 \
    --hash=sha256:11d6b0ec246892d85215b0a13ca6e0233cf5284b68f0ac02646427f4ff88a799 \
    --hash=sha256:230a75ddfc2de4806e56696ce9640c1cdfdb6543b7cfce98d42a4c0a0e7bdb87 \
    --hash=sha256:24f857477359a85c0c235261b8ba905fd51b2562f4a64ca1df5473f29850cbf6 \
    --hash=sha256:353652e4efd0bca5b5fc2656abf8307ef351f0cf938c9eba09f0e09c20a25c30 \
    --hash=sha256:4bc97768d8fe4ad6743c8a19403e314511ed9f6d13205b687e52421c023ac1b9 \
    --hash=sha256:74758715c53d7158fb76caf4f0cfdacc5329a4b1bb994f865d6cf302d413a1c4 \
    --hash=sha256:b73f9489a4b8b1c9cb1f8ed951c736392592edb24b9d6819f36d2e10b171d5b4 \
    --hash=sha256:ce115a26fe0c39a2c29973d914d327e516a6455464489fe3cd1e51a1b354f81a
    # via qdrant-client
pydantic==2.13.4 \
    --hash=sha256:45a282cde31d808236fd7ea9d919b128653c8b38b393d1c4ab335c62924d9aba \
    --hash=sha256:c40756b57adaa8b1efeeced5c196f3f3b7c435f90e84ea7f443901bec8099ef6
    # via qdrant-client
pydantic-core==2.46.4 \
    --hash=sha256:00c603d540afdd6b80eb39f078f33ebd46211f02f33e34a32d9f053bba711de0 \
    --hash=sha256:0186750b482eefa11d7f435892b09c5c606193ef3375bcf94aa00ae6bfb66262 \
    --hash=sha256:041bde0a48fd37cf71cab1c9d56d3e8625a3793fef1f7dd232b3ff37e978ecda \
    --hash=sha256:0c563b08bca408dc7f65f700633d8442fffb2421fc47b8101377e9fd65051ff0 \
    --hash=sha256:0cbe8b01f948de4286c74cdd6c667aceb38f5c1e26f0693b3983d9d74887c65e \
    --hash=sha256:0ce40cd7b21210e99342afafbd4d0f76d784eb5b1d60f3bdc566be4983c6c73b \
    --hash=sha256:0e96592440881c74a213e5ad528e2b24d3d4f940de2766bed9010ab1d9e51594 \
    --hash=sha256:10e17cbb10a330363733efc4d7c4d0dd827ac0909b8f6a6542298fed1ea62f29 \
    --hash=sha256:133878133d271ade3d41d1bfb2a45ec38dbdbda40bc065921c6b04e4630127e2 \
    --hash=sha256:14d4edf427bdcf950a8a02d7cb44a08614388dd6e1bdcbf4f67504fa7887da9c \
    --hash=sha256:14f4c5d6db102bd796a627bbb3a17b4cf4574b9ae861d8b7c9a9661c6dd3362d \
    --hash=sha256:17299feefe090f2caa5b8e37222bb5f663e4935a8bfa6931d4102e5df1a9f398 \
    --hash=sha256:184c081504d17f1c1066e430e117142b2c77d9448a97f7b65c6ac9fd9aee238d \
    --hash=sha256:18e5ceec2ab67e6d5f1a9085e5a24c9c4e2ac4545730bfe668680bca05e555f3 \
    --hash=sha256:19e51f073cd3df251856a8a4189fbdf1de4012c3ebacfb1884f94f1eb406079f \
    --hash=sha256:1a7dd0b3ee80d90150e3495a3a13ac34dbcbfd4f012996a6a1d8900e91b5c0fb \
    --hash=sha256:1d8ba486450b14f3b1d63bc521d410ec7565e52f887b9fb671791886436a42f7 \
    --hash=sha256:2108ba5c1c1eca18030634489dc544844144ee36357f2f9f780b93e7ddbb44b5 \
    --hash=sha256:228ee9bae8bef5b1e97ec58302f80357c37199e0d0a99174e138d28e6957b9d9 \
    --hash=sha256:23ace664830ee0bfe014a0c7bc248b1f7f25ed7ad103852c317624a1083af462 \
    --hash=sha256:2412e734dcb48da14d4e4006b82b46b74f2518b8a26ee7e58c6844a6cd6d03c4 \
    --hash=sha256:29c61fc04a3d840155ff08e475a04809278972fe6aef51e2720554e96367e34b \
    --hash=sha256:2f84c03c8607173d16b5a854ec68a2f9079ae03237a54fb506d13af47e1d018d \
    --hash=sha256:3009f12e4e90b7f88b4f9adb1b0c4a3d58fe7820f3238c190047209d148026df \
    --hash=sha256:3245406455a5d98187ec35530fd772b1d799b26667980872c8d4614991e2c4a2 \
    --hash=sha256:3447661d99f75a3683a4cf5c87da72f2161964611864dbbeac7fbb118bb4bfc0 \
    --hash=sha256:372429a130e469c9cd698925ce5fc50940b7a1336b0d82038e63d5bbc4edc519 \
    --hash=sha256:395aebd9183f9d112f569aeb5b2214d1a10a33bec8456447f7fbdfa51d38d4cd \
    --hash=sha256:3a233125ac121aa3ffba9a2b59edfc4a985a76092dc8279586ab4b71390875e7 \
    --hash=sha256:3be77f45df024d789a672ae34f8b06fb346c4f9f46ea714956660ea4862e89ac \
    --hash=sha256:3bf92c5d0e00fefaab325a4d27828fe6b6e2a21848686b5b60d2d9eeb09d76c6 \
    --hash=sha256:3ecbc122d18468d06ca279dc26a8c2e2d5acb10943bb35e36ae92096dc3b5565 \
    --hash=sha256:3fb702cd90b0446a3a1c5e470bfa0dd23c0233b676a9099ddcc964fa6ca13898 \
    --hash=sha256:428e04521a40150c85216fc8b85e8d39fece235a9cf5e383761238c7fa9b96fb \
    --hash=sha256:432c179df7874eeb73307aad2df0755e1ae0efa61ff0ea89b93e194411ae3928 \
    --hash=sha256:4a05d69cba51d852c5c3e92758653245a50c0b646ced0cf05bd793ed592839d6 \
    --hash=sha256:4c63ebc82684aa89d9a3bcbd13d515b3be44250dc68dd3bd81526c1cb31286c3 \
    --hash=sha256:4fc73cb559bdb54b1134a706a2802a4cddd27a0633f5abb7e53056268751ac6a \
    --hash=sha256:4fcbe087dbc2068af7eda3aa87634eba216dbda64d1ae73c8684b621d33f6596 \
    --hash=sha256:56cb4851bcaf3d117eddcef4fe66afd750a50274b0da8e22be256d10e5611987 \
    --hash=sha256:5855698a4856556d86e8e6cd8434bc3ac0314ee8e12089ae0e143f64c6256e4e \
    --hash=sha256:5a4330cdbc57162e4b3aa303f588ba752257694c9c9be3e7ebb11b4aca659b5d \
    --hash=sha256:5b712b53160b79a5850310b912a5ef8e57e56947c8ad690c227f5c9d7e561712 \
    --hash=sha256:5d5902252db0d3cedf8d4a1bc68f70eeb430f7e4c7104c8c476753519b423008 \
    --hash=sha256:617d7e2ca7dcb8c5cf6bcb8c59b8832c94b36196bbf1cbd1bfb56ed341905edd \
    --hash=sha256:62f875393d7f270851f20523dd2e29f082bcc82292d66db2b64ea71f64b6e1c1 \
    --hash=sha256:633147d34cf4550417f12e2b1a0383973bdf5cdfde212cb09e9a581cf10820be \
    --hash=sha256:66ce7632c22d837c95301830e111ad0128a32b8207533b60896a96c4915192ea \
    --hash=sha256:6b3ace8194b0e5204818c92802dcdca7fc6d88aabbb799d7c795540d9cd6d292 \
    --hash=sha256:6f2eeda33a839975441c86a4119e1383c50b47faf0cbb5176985565c6bb02c33 \
    --hash=sha256:7027560ee92211647d0d34e3f7cd6f50da56399d26a9c8ad0da286d3869a53f3 \
    --hash=sha256:7283d57845ecf5a163403eb0702dfc220cc4fbdd18919cb5ccea4f95ee1cdab4 \
    --hash=sha256:7a5f930472650a82629163023e630d160863fce524c616f4e5186e5de9d9a49b \
    --hash=sha256:7bfb192b3f4b9e8a89b6277b6ce787564f62cfd272055f6e685726b111dc7826 \
    --hash=sha256:811ff8e9c313ab425368bcbb36e5c4ebd7108c2bbf4e4089cfbb0b01eff63fac \
    --hash=sha256:8233f2947cf85404441fd7e0085f53b10c93e0ee78611099b5c7237e36aacbf7 \
    --hash=sha256:82cf5301172168103724d49a1444d3378cb20cdee30b116a1bd6031236298a5d \
    --hash=sha256:8358a950c8909158e3df31538a7e4edc2d7265a7c54b47f0864d9e5bae9dcebf \
    --hash=sha256:85bb3611ff1802f3ee7fdd7dbff26b56f343fb432d57a4728fdd49b6ef35e2f4 \
    --hash=sha256:86e1a4418c6cd97d60c95c71164158eaf7324fae7b0923264016baa993eba6fc \
    --hash=sha256:8b9bab013d1c7a79d3501ff86d0bc9c31bf587db4551677b96bec07df78c6b15 \
    --hash=sha256:8c5dac79fa1614d1e06ca695109c6105923bd9c7d1d6c918d4e637b7e6b32fd3 \
    --hash=sha256:8d0820e8192167f80d88d64038e609c31452eeca865b4e1d9950a27a4609b00b \
    --hash=sha256:8daafc69c93ee8a0204506a3b6b30f586ef54028f52aeeeb5c4cfc5184fd5914 \
    --hash=sha256:9037063db01f09b09e237c282b6792bd4da634b5402c4e7f0c61effed7701a04 \
    --hash=sha256:905a0ed8ea6f2d61c1738835f99b699348d7857379083e5fc497fa0c967a407c \
    --hash=sha256:90884113d8b48f760e9587002789ddd741e76ab9f89518cd1e43b1f1a52ec44b \
    --hash=sha256:91a06d2e259ecfbd8c901d70c3c507900458498142b3026a296b7de4d1322cc9 \
    --hash=sha256:926c9541b14b12b1681dca8a0b75feb510b06c6341b70a8e500c2fdcff837cce \
    --hash=sha256:9401557acd873c3a7f3eb9383edef8ac4968f9510e340f4808d427e75667e7b4 \
    --hash=sha256:9551187363ffc0de2a00b2e47c25aeaeb1020b69b668762966df15fc5659dd5a \
    --hash=sha256:962ccbab7b642487b1d8b7df90ef677e03134cf1fd8880bf698649b22a69371f \
    --hash=sha256:97e7cf2be5c77b7d1a9713a05605d49460d02c6078d38d8bef3cbe323c548424 \
    --hash=sha256:9aa768456404a8bf48a4406685ac2bec8e72b62c69313734fa3b73cf33b3a894 \
    --hash=sha256:9bc519fbf2b7578398853d815009ae5e4d4603d12f4e3f91da8c06852d3da3e9 \
    --hash=sha256:9d56801be94b86a9da183e5f3766e6310752b99ff647e38b09a9500d88e46e76 \
    --hash=sha256:9f444c499b3eefd3a92e348059471ea0c3a6e303d9c1cec09fa748fd9f895201 \
    --hash=sha256:9fa8ae11da9e2b3126c6426f147e0fba88d96d65921799bb30c6abd1cb2c97fb \
    --hash=sha256:a0f62d0a58f4e7da165457e995725421e0064f2255d8eccebc49f41bbc23b109 \
    --hash=sha256:a396dcc17e5a0b164dbe026896245a4fa9ff402edca1dff0be3d53a517f74de4 \
    --hash=sha256:aaa2a54443eff1950ba5ddc6b6ccda0d9c84a364276a62f969bdf2a390650848 \
    --hash=sha256:ad785e92e6dc634c21555edc8bd6b64957ab844541bcb96a1366c202951ae526 \
    --hash=sha256:af8244b2bef6aaad6d92cda81372de7f8c8d36c9f0c3ea36e827c60e7d9467a0 \
    --hash=sha256:b078afbc25f3a1436c7a1d2cd3e322497ee99615ba97c563566fdf46aff1ee01 \
    --hash=sha256:b2f69dec1725e79a012d920df1707de5caf7ed5e08f3be4435e25803efc47458 \
    --hash=sha256:b8458003118a712e66286df6a707db01c52c0f52f7db8e4a38f0da1d3b94fc4e \
    --hash=sha256:bb63e0198ca18aad131c089b9204c23079c3afa95487e561f4c522d519e55aba \
    --hash=sha256:bfec22eab3c8cc2ceec0248aec886624116dc079afa027ecc8ad4a7e62010f8a \
    --hash=sha256:c1747f85cee84c26985853c6f3d9bd3e75da5212912443fa111c113b9c246f39 \
    --hash=sha256:c1b3f518abeca3aa13c712fd202306e145abf59a18b094a6bafb2d2bbf59192c \
    --hash=sha256:c50f2528cf200c5eed56faf3f4e22fcd5f38c157a8b78576e6ba3168ec35f000 \
    --hash=sha256:c68fcd102d71ea85c5b2dfac3f4f8476eff42a9e078fd5faefff6d145063536b \
    --hash=sha256:c7a7bd4e39e8e4c12c39cd480356842b6a8a06e41b23a55a5e3e191718838ddf \
    --hash=sha256:c94f0688e7b8d0a67abf40e57a7eaaecd17cc9586706a31b76c031f63df052b4 \
    --hash=sha256:cbaf13819775b7f769bf4a1f066cb6df7a28d4480081a589828ef190226881cd \
    --hash=sha256:cd2213145bcc2ba85884d0ac63d222fece9209678f77b9b4d76f054c561adb28 \
    --hash=sha256:ce5c1d2a8b27468f433ca974829c44060b8097eedc39933e3c206a90ee49c4a9 \
    --hash=sha256:d396ec2b979760aaf3218e76c24e65bd0aca24983298653b3a9d7a45f9e47b30 \
    --hash=sha256:d51026d73fcfd93610abc7b27789c26b313920fcfb20e27462d74a7f8b06e983 \
    --hash=sha256:d80ee3d731373b24cebbc10d689ca4ee1875caf0d5703a245db18efd4dd37fc1 \
    --hash=sha256:d995260fdf4e1db774581b4900e0f832abe3c7c84996726bbc161b19c8f29e76 \
    --hash=sha256:da4b951fe36dc7c3a1ccb4e3cd1747c3542b8c9ceede8fc86cae054e764485f5 \
    --hash=sha256:daa27d92c36f24388fe3ad306b174781c747627f134452e4f128ea00ce1fe8c4 \
    --hash=sha256:db06ffe51636ffe9ca531fe9023dd64bdd794be8754cb5df57c5498ae5b518a7 \
    --hash=sha256:e0d65b8c354be7fb5f720c3caa8bc940bc2d20ce749c8e06135f07f8ed95dd7c \
    --hash=sha256:e68b7a074f65a2fd746c52a7ce6142ab7006074ac269ace0c25cd8ba171f8066 \
    --hash=sha256:e739fee756ba1010f8bcccb534252e85a35fe45ae92c295a06059ce58b74ccd3 \
    --hash=sha256:e846ae7835bf0703ae43f534ab79a867146dadd59dc9ca5c8b53d5c8f7c9ef02 \
    --hash=sha256:e9c26f834c65f5752f3f06cb08cb86a913ceb7274d0db6e267808a708b46bc89 \
    --hash=sha256:ea793e075b70290d89d8142074262885d3f7da19634845135751bd6344f73b50 \
    --hash=sha256:f027324c56cd5406ca49c124b0db10e56c69064fec039acc571c29020cc87c76 \
    --hash=sha256:f13a646d65d09fbf1bc6b3a9635d30095c8e7e5cc419ff35ecc563c5fd04cd49 \
    --hash=sha256:f47286a97f0bc9b8859519809077b91b2cefe4ae47fcbf5e466a009c1c5d742b \
    --hash=sha256:f747929cf940cddb5b3668a390056ddd5ba2e5010615ea2dcf4f9c4f3ab8791d \
    --hash=sha256:f99626688942fb746e545232e7726926f3be91b5975f8b55327665fafda991c7 \
    --hash=sha256:f9fa868638bf362d3d138ea55829cefb3d5f4b0d7f142234382a15e2485dbec4 \
    --hash=sha256:fbdb89b3e1c94a30cc5edfce477c6e6a5dc4d8f84665b455c27582f211a1c72c \
    --hash=sha256:fc010ab034c8c7452522748bf937df58020d256ccae0874463d1f4d01758af8e \
    --hash=sha256:fc3e9034a63de20e15e8ade85358bc6efc614008cab72898b4b4952bea0509ff \
    --hash=sha256:fd8b3d9fd264be37976686c7f65cd52a83f5e84f4bfd2adf9c1d469676bbb6ae
    # via pydantic
pywin32==312 ; sys_platform == 'win32' \
    --hash=sha256:02ebca0f0242b75292e218065004310d6a477407c09fa449bfe4f6022bc0c0fc \
    --hash=sha256:17948aeadbdb091f0ced6ef0841620794e68327b94ee415571c1203594b7215c \
    --hash=sha256:3020656e34f1cf7faeb7bccd2b84653a607c6ff0c55ada85e6487d61716deabd \
    --hash=sha256:59aba5d5940842075343a5ddc6b11f1cdf0d1567fe745290359dfbcc7c2eb831 \
    --hash=sha256:5c1fbe4a937a73ae9297384a3da38518cbc694c68ad8a809b2e19acd350f03ed \
    --hash=sha256:5dbc35d2b5320dc07f25fa31269cfb767471002b17de5eb067d03da68c7cb2db \
    --hash=sha256:6017c58e12f6809fbb0555b75df144c2922a9ffd18e4b9b5afa863b6c1a9d950 \
    --hash=sha256:772235332b5d1024c696f11cea1ae4be7930f0a8b894bb43db14e3f435f1ff7e \
    --hash=sha256:7a27df850933d16a8eabfbaeb73d52b273e2da667f80d70b01a89d1f6828d02c \
    --hash=sha256:9fce94568364e0155e6dfb781ac5d95903be8baf28670632beab1b523f300daa \
    --hash=sha256:a4dd3a848290ef724347b19f301045831d8e802fa4464f491b98b1e0a081432e \
    --hash=sha256:a77a90fbb6881238d2ca9c6fd797b25817f3768fe78d214a90137ff055a75f5b \
    --hash=sha256:a8597d28f267b39074aef51fa593530082b39cbe5a074226096857b1fed2dfb9 \
    --hash=sha256:b2200a054ca6d6625c4842fc56a4976a4b47f96b73dbe5538c3f813a80359f47 \
    --hash=sha256:b457f6d628a47e8a7346ce22acb7e1a46a4a78b52e1d17e1af56871bd19a93bc \
    --hash=sha256:c2f03a0f73f804a13c2735b99392b0cd426bb4f2c4d0178e5ac966a0f21618d5 \
    --hash=sha256:c53e878d15a1c44788082bfe712a905433473aa38f86375b7cf8b45e3acbaaf9 \
    --hash=sha256:d11417d84412f859b722fad0841b3614459ed0047f7542d8362e77884f6b6e8a \
    --hash=sha256:d620900033cc7531e50727c3c8333091df5dd3ffe6d68cdca38c03f5821408d5 \
    --hash=sha256:dab4f65ac9c4e48400a2a0530c46c3c579cd5905ecd11b80692373915269208b \
    --hash=sha256:dc90147579a905b8635e1b0ec6514967dcb07e6e0d9c42f1477feef14cac23bb
    # via portalocker
qdrant-client==1.18.0 \
    --hash=sha256:093aa8cf8a420ee3ad2a68b007e1378d7992b2600e0b53c193fc172674f659cd \
    --hash=sha256:52e8ece1a7d40519801bf0b70713bfa0f6b7ae28c7275bbe0b0286fbed7f6db4
    # via -r services/qdrant-seed/requirements.txt
typing-extensions==4.15.0 \
    --hash=sha256:0cea48d173cc12fa28ecabc3b837ea3cf6f38c6d1136f85cbaaf598984861466 \
    --hash=sha256:f0fa19c6845758ab08074a0cfa8b7aecb71c999ca73d62883bc25cc018c4e548
    # via
    #   anyio
    #   grpcio
    #   pydantic
    #   pydantic-core
    #   typing-inspection
typing-inspection==0.4.2 \
    --hash=sha256:4ed1cacbdc298c220f1bd249ed5287caa16f34d44ef4e9c3d0cbad5b521545e7 \
    --hash=sha256:ba561c48a67c5958007083d386c3295464928b01faa735ab8547c5692e87f464
    # via pydantic
urllib3==2.7.0 \
    --hash=sha256:231e0ec3b63ceb14667c67be60f2f2c40a518cb38b03af60abc813da26505f4c \
    --hash=sha256:9fb4c81ebbb1ce9531cce37674bbc6f1360472bc18ca9a553ede278ef7276897
    # via qdrant-client
